
Microsoft Visual Studio Solution File, Format Version 12.00
# Visual Studio 15
Project("{FAE04EC0-301F-11D3-BF4B-00C04F79EFBC}") = "Assembly-CSharp", "Assembly-CSharp.csproj", "{4D3528ED-CC24-ADDE-8A5E-45E45C0D9C01}"
EndProject
Project("{FAE04EC0-301F-11D3-BF4B-00C04F79EFBC}") = "Assembly-CSharp-firstpass", "Assembly-CSharp-firstpass.csproj", "{A96D9907-2FBB-31F1-E7F0-75606EB27598}"
EndProject
Global
	GlobalSection(SolutionConfigurationPlatforms) = preSolution
		Debug|Any CPU = Debug|Any CPU
		Release|Any CPU = Release|Any CPU
	EndGlobalSection
	GlobalSection(ProjectConfigurationPlatforms) = postSolution
		{4D3528ED-CC24-ADDE-8A5E-45E45C0D9C01}.Debug|Any CPU.ActiveCfg = Debug|Any CPU
		{4D3528ED-CC24-ADDE-8A5E-45E45C0D9C01}.Debug|Any CPU.Build.0 = Debug|Any CPU
		{4D3528ED-CC24-ADDE-8A5E-45E45C0D9C01}.Release|Any CPU.ActiveCfg = Release|Any CPU
		{4D3528ED-CC24-ADDE-8A5E-45E45C0D9C01}.Release|Any CPU.Build.0 = Release|Any CPU
		{A96D9907-2FBB-31F1-E7F0-75606EB27598}.Debug|Any CPU.ActiveCfg = Debug|Any CPU
		{A96D9907-2FBB-31F1-E7F0-75606EB27598}.Debug|Any CPU.Build.0 = Debug|Any CPU
		{A96D9907-2FBB-31F1-E7F0-75606EB27598}.Release|Any CPU.ActiveCfg = Release|Any CPU
		{A96D9907-2FBB-31F1-E7F0-75606EB27598}.Release|Any CPU.Build.0 = Release|Any CPU
	EndGlobalSection
	GlobalSection(SolutionProperties) = preSolution
		HideSolutionNode = FALSE
	EndGlobalSection
EndGlobal
